
Microsoft Visual Studio Solution File, Format Version 12.00
# Visual Studio 15
VisualStudioVersion = 15.0.27004.2002
MinimumVisualStudioVersion = 10.0.40219.1
Project("{FAE04EC0-301F-11D3-BF4B-00C04F79EFBC}") = "Sunshine", "Sunshine.csproj", "{6B62424D-5DB6-4B57-845F-74F92CE8EE86}"
EndProject
Project("{FAE04EC0-301F-11D3-BF4B-00C04F79EFBC}") = "RollblackLegacy.Website", "..\..\RollblackLegacy.Website\RollblackLegacy.Website.csproj", "{42A5244A-2934-4960-A8C7-BAC69D8D6484}"
EndProject
Project("{FAE04EC0-301F-11D3-BF4B-00C04F79EFBC}") = "RollblackLegacy.Website.Application", "..\..\RollblackLegacy.Website.Application\RollblackLegacy.Website.Application.csproj", "{D7F190A5-4CB9-49DA-809F-046C95DC56BA}"
EndProject
Project("{FAE04EC0-301F-11D3-BF4B-00C04F79EFBC}") = "RollblackLegacy.Website.Domain", "..\..\RollblackLegacy.Website.Domain\RollblackLegacy.Website.Domain.csproj", "{DAA6FAF9-9D11-4F4E-943F-2FE2F05785F8}"
EndProject
Project("{FAE04EC0-301F-11D3-BF4B-00C04F79EFBC}") = "RollblackLegacy.Website.Infrastructure", "..\..\RollblackLegacy.Website.Infrastructure\RollblackLegacy.Website.Infrastructure.csproj", "{AEF67069-EE4A-4816-B912-EA4907200AD4}"
EndProject
Project("{FAE04EC0-301F-11D3-BF4B-00C04F79EFBC}") = "RollblackLegacy.Website.Contracts", "..\..\RollblackLegacy.Website.Contracts\RollblackLegacy.Website.Contracts.csproj", "{F452CB2A-14AE-4048-8F52-B1A94678137C}"
EndProject
Project("{FAE04EC0-301F-11D3-BF4B-00C04F79EFBC}") = "RollblackLegacy.Admin.Api", "..\..\Angular-tools\Admin\RollblackLegacy.Admin.Api\RollblackLegacy.Admin.Api.csproj", "{7F130666-F38F-4EC3-972B-9E7D4D2B1BBD}"
EndProject
Project("{FAE04EC0-301F-11D3-BF4B-00C04F79EFBC}") = "RollblackLegacy.Admin.Application", "..\..\Angular-tools\Admin\RollblackLegacy.Admin.Application\RollblackLegacy.Admin.Application.csproj", "{C25206CD-6353-4C61-B2F8-E128387F1DBA}"
EndProject
Project("{FAE04EC0-301F-11D3-BF4B-00C04F79EFBC}") = "RollblackLegacy.Admin.Domain", "..\..\Angular-tools\Admin\RollblackLegacy.Admin.Domain\RollblackLegacy.Admin.Domain.csproj", "{EA0B43FE-A6D4-48D8-BFE9-3FA755BAA18D}"
EndProject
Project("{FAE04EC0-301F-11D3-BF4B-00C04F79EFBC}") = "RollblackLegacy.Admin.Contracts", "..\..\Angular-tools\Admin\RollblackLegacy.Admin.Contracts\RollblackLegacy.Admin.Contracts.csproj", "{D163D52C-A275-4A3B-B26E-E0478783E572}"
EndProject
Project("{FAE04EC0-301F-11D3-BF4B-00C04F79EFBC}") = "RollblackLegacy.Admin.Infrastructure", "..\..\Angular-tools\Admin\RollblackLegacy.Admin.Infrastructure\RollblackLegacy.Admin.Infrastructure.csproj", "{9C5E31D4-3426-4D44-9EAD-8721758BBFDF}"
EndProject
Project("{FAE04EC0-301F-11D3-BF4B-00C04F79EFBC}") = "ClientIdentityAudit", "..\..\Infrastructure\scripts\ClientIdentityAudit\ClientIdentityAudit.csproj", "{BD993B94-1804-48FA-A93C-7672791E7F98}"
EndProject
Global
	GlobalSection(SolutionConfigurationPlatforms) = preSolution
		Debug|Any CPU = Debug|Any CPU
		Debug|x64 = Debug|x64
		Debug|x86 = Debug|x86
		Release|Any CPU = Release|Any CPU
		Release|x64 = Release|x64
		Release|x86 = Release|x86
	EndGlobalSection
	GlobalSection(ProjectConfigurationPlatforms) = postSolution
		{6B62424D-5DB6-4B57-845F-74F92CE8EE86}.Debug|Any CPU.ActiveCfg = Debug|Any CPU
		{6B62424D-5DB6-4B57-845F-74F92CE8EE86}.Debug|Any CPU.Build.0 = Debug|Any CPU
		{6B62424D-5DB6-4B57-845F-74F92CE8EE86}.Debug|x64.ActiveCfg = Debug|Any CPU
		{6B62424D-5DB6-4B57-845F-74F92CE8EE86}.Debug|x64.Build.0 = Debug|Any CPU
		{6B62424D-5DB6-4B57-845F-74F92CE8EE86}.Debug|x86.ActiveCfg = Debug|Any CPU
		{6B62424D-5DB6-4B57-845F-74F92CE8EE86}.Debug|x86.Build.0 = Debug|Any CPU
		{6B62424D-5DB6-4B57-845F-74F92CE8EE86}.Release|Any CPU.ActiveCfg = Release|Any CPU
		{6B62424D-5DB6-4B57-845F-74F92CE8EE86}.Release|Any CPU.Build.0 = Release|Any CPU
		{6B62424D-5DB6-4B57-845F-74F92CE8EE86}.Release|x64.ActiveCfg = Release|Any CPU
		{6B62424D-5DB6-4B57-845F-74F92CE8EE86}.Release|x64.Build.0 = Release|Any CPU
		{6B62424D-5DB6-4B57-845F-74F92CE8EE86}.Release|x86.ActiveCfg = Release|Any CPU
		{6B62424D-5DB6-4B57-845F-74F92CE8EE86}.Release|x86.Build.0 = Release|Any CPU
		{42A5244A-2934-4960-A8C7-BAC69D8D6484}.Debug|Any CPU.ActiveCfg = Debug|Any CPU
		{42A5244A-2934-4960-A8C7-BAC69D8D6484}.Debug|Any CPU.Build.0 = Debug|Any CPU
		{42A5244A-2934-4960-A8C7-BAC69D8D6484}.Debug|x64.ActiveCfg = Debug|Any CPU
		{42A5244A-2934-4960-A8C7-BAC69D8D6484}.Debug|x64.Build.0 = Debug|Any CPU
		{42A5244A-2934-4960-A8C7-BAC69D8D6484}.Debug|x86.ActiveCfg = Debug|Any CPU
		{42A5244A-2934-4960-A8C7-BAC69D8D6484}.Debug|x86.Build.0 = Debug|Any CPU
		{42A5244A-2934-4960-A8C7-BAC69D8D6484}.Release|Any CPU.ActiveCfg = Release|Any CPU
		{42A5244A-2934-4960-A8C7-BAC69D8D6484}.Release|Any CPU.Build.0 = Release|Any CPU
		{42A5244A-2934-4960-A8C7-BAC69D8D6484}.Release|x64.ActiveCfg = Release|Any CPU
		{42A5244A-2934-4960-A8C7-BAC69D8D6484}.Release|x64.Build.0 = Release|Any CPU
		{42A5244A-2934-4960-A8C7-BAC69D8D6484}.Release|x86.ActiveCfg = Release|Any CPU
		{42A5244A-2934-4960-A8C7-BAC69D8D6484}.Release|x86.Build.0 = Release|Any CPU
		{D7F190A5-4CB9-49DA-809F-046C95DC56BA}.Debug|Any CPU.ActiveCfg = Debug|Any CPU
		{D7F190A5-4CB9-49DA-809F-046C95DC56BA}.Debug|Any CPU.Build.0 = Debug|Any CPU
		{D7F190A5-4CB9-49DA-809F-046C95DC56BA}.Debug|x64.ActiveCfg = Debug|Any CPU
		{D7F190A5-4CB9-49DA-809F-046C95DC56BA}.Debug|x64.Build.0 = Debug|Any CPU
		{D7F190A5-4CB9-49DA-809F-046C95DC56BA}.Debug|x86.ActiveCfg = Debug|Any CPU
		{D7F190A5-4CB9-49DA-809F-046C95DC56BA}.Debug|x86.Build.0 = Debug|Any CPU
		{D7F190A5-4CB9-49DA-809F-046C95DC56BA}.Release|Any CPU.ActiveCfg = Release|Any CPU
		{D7F190A5-4CB9-49DA-809F-046C95DC56BA}.Release|Any CPU.Build.0 = Release|Any CPU
		{D7F190A5-4CB9-49DA-809F-046C95DC56BA}.Release|x64.ActiveCfg = Release|Any CPU
		{D7F190A5-4CB9-49DA-809F-046C95DC56BA}.Release|x64.Build.0 = Release|Any CPU
		{D7F190A5-4CB9-49DA-809F-046C95DC56BA}.Release|x86.ActiveCfg = Release|Any CPU
		{D7F190A5-4CB9-49DA-809F-046C95DC56BA}.Release|x86.Build.0 = Release|Any CPU
		{DAA6FAF9-9D11-4F4E-943F-2FE2F05785F8}.Debug|Any CPU.ActiveCfg = Debug|Any CPU
		{DAA6FAF9-9D11-4F4E-943F-2FE2F05785F8}.Debug|Any CPU.Build.0 = Debug|Any CPU
		{DAA6FAF9-9D11-4F4E-943F-2FE2F05785F8}.Debug|x64.ActiveCfg = Debug|Any CPU
		{DAA6FAF9-9D11-4F4E-943F-2FE2F05785F8}.Debug|x64.Build.0 = Debug|Any CPU
		{DAA6FAF9-9D11-4F4E-943F-2FE2F05785F8}.Debug|x86.ActiveCfg = Debug|Any CPU
		{DAA6FAF9-9D11-4F4E-943F-2FE2F05785F8}.Debug|x86.Build.0 = Debug|Any CPU
		{DAA6FAF9-9D11-4F4E-943F-2FE2F05785F8}.Release|Any CPU.ActiveCfg = Release|Any CPU
		{DAA6FAF9-9D11-4F4E-943F-2FE2F05785F8}.Release|Any CPU.Build.0 = Release|Any CPU
		{DAA6FAF9-9D11-4F4E-943F-2FE2F05785F8}.Release|x64.ActiveCfg = Release|Any CPU
		{DAA6FAF9-9D11-4F4E-943F-2FE2F05785F8}.Release|x64.Build.0 = Release|Any CPU
		{DAA6FAF9-9D11-4F4E-943F-2FE2F05785F8}.Release|x86.ActiveCfg = Release|Any CPU
		{DAA6FAF9-9D11-4F4E-943F-2FE2F05785F8}.Release|x86.Build.0 = Release|Any CPU
		{AEF67069-EE4A-4816-B912-EA4907200AD4}.Debug|Any CPU.ActiveCfg = Debug|Any CPU
		{AEF67069-EE4A-4816-B912-EA4907200AD4}.Debug|Any CPU.Build.0 = Debug|Any CPU
		{AEF67069-EE4A-4816-B912-EA4907200AD4}.Debug|x64.ActiveCfg = Debug|Any CPU
		{AEF67069-EE4A-4816-B912-EA4907200AD4}.Debug|x64.Build.0 = Debug|Any CPU
		{AEF67069-EE4A-4816-B912-EA4907200AD4}.Debug|x86.ActiveCfg = Debug|Any CPU
		{AEF67069-EE4A-4816-B912-EA4907200AD4}.Debug|x86.Build.0 = Debug|Any CPU
		{AEF67069-EE4A-4816-B912-EA4907200AD4}.Release|Any CPU.ActiveCfg = Release|Any CPU
		{AEF67069-EE4A-4816-B912-EA4907200AD4}.Release|Any CPU.Build.0 = Release|Any CPU
		{AEF67069-EE4A-4816-B912-EA4907200AD4}.Release|x64.ActiveCfg = Release|Any CPU
		{AEF67069-EE4A-4816-B912-EA4907200AD4}.Release|x64.Build.0 = Release|Any CPU
		{AEF67069-EE4A-4816-B912-EA4907200AD4}.Release|x86.ActiveCfg = Release|Any CPU
		{AEF67069-EE4A-4816-B912-EA4907200AD4}.Release|x86.Build.0 = Release|Any CPU
		{F452CB2A-14AE-4048-8F52-B1A94678137C}.Debug|Any CPU.ActiveCfg = Debug|Any CPU
		{F452CB2A-14AE-4048-8F52-B1A94678137C}.Debug|Any CPU.Build.0 = Debug|Any CPU
		{F452CB2A-14AE-4048-8F52-B1A94678137C}.Debug|x64.ActiveCfg = Debug|Any CPU
		{F452CB2A-14AE-4048-8F52-B1A94678137C}.Debug|x64.Build.0 = Debug|Any CPU
		{F452CB2A-14AE-4048-8F52-B1A94678137C}.Debug|x86.ActiveCfg = Debug|Any CPU
		{F452CB2A-14AE-4048-8F52-B1A94678137C}.Debug|x86.Build.0 = Debug|Any CPU
		{F452CB2A-14AE-4048-8F52-B1A94678137C}.Release|Any CPU.ActiveCfg = Release|Any CPU
		{F452CB2A-14AE-4048-8F52-B1A94678137C}.Release|Any CPU.Build.0 = Release|Any CPU
		{F452CB2A-14AE-4048-8F52-B1A94678137C}.Release|x64.ActiveCfg = Release|Any CPU
		{F452CB2A-14AE-4048-8F52-B1A94678137C}.Release|x64.Build.0 = Release|Any CPU
		{F452CB2A-14AE-4048-8F52-B1A94678137C}.Release|x86.ActiveCfg = Release|Any CPU
		{F452CB2A-14AE-4048-8F52-B1A94678137C}.Release|x86.Build.0 = Release|Any CPU
		{7F130666-F38F-4EC3-972B-9E7D4D2B1BBD}.Debug|Any CPU.ActiveCfg = Debug|Any CPU
		{7F130666-F38F-4EC3-972B-9E7D4D2B1BBD}.Debug|Any CPU.Build.0 = Debug|Any CPU
		{7F130666-F38F-4EC3-972B-9E7D4D2B1BBD}.Debug|x64.ActiveCfg = Debug|Any CPU
		{7F130666-F38F-4EC3-972B-9E7D4D2B1BBD}.Debug|x64.Build.0 = Debug|Any CPU
		{7F130666-F38F-4EC3-972B-9E7D4D2B1BBD}.Debug|x86.ActiveCfg = Debug|Any CPU
		{7F130666-F38F-4EC3-972B-9E7D4D2B1BBD}.Debug|x86.Build.0 = Debug|Any CPU
		{7F130666-F38F-4EC3-972B-9E7D4D2B1BBD}.Release|Any CPU.ActiveCfg = Release|Any CPU
		{7F130666-F38F-4EC3-972B-9E7D4D2B1BBD}.Release|Any CPU.Build.0 = Release|Any CPU
		{7F130666-F38F-4EC3-972B-9E7D4D2B1BBD}.Release|x64.ActiveCfg = Release|Any CPU
		{7F130666-F38F-4EC3-972B-9E7D4D2B1BBD}.Release|x64.Build.0 = Release|Any CPU
		{7F130666-F38F-4EC3-972B-9E7D4D2B1BBD}.Release|x86.ActiveCfg = Release|Any CPU
		{7F130666-F38F-4EC3-972B-9E7D4D2B1BBD}.Release|x86.Build.0 = Release|Any CPU
		{C25206CD-6353-4C61-B2F8-E128387F1DBA}.Debug|Any CPU.ActiveCfg = Debug|Any CPU
		{C25206CD-6353-4C61-B2F8-E128387F1DBA}.Debug|Any CPU.Build.0 = Debug|Any CPU
		{C25206CD-6353-4C61-B2F8-E128387F1DBA}.Debug|x64.ActiveCfg = Debug|Any CPU
		{C25206CD-6353-4C61-B2F8-E128387F1DBA}.Debug|x64.Build.0 = Debug|Any CPU
		{C25206CD-6353-4C61-B2F8-E128387F1DBA}.Debug|x86.ActiveCfg = Debug|Any CPU
		{C25206CD-6353-4C61-B2F8-E128387F1DBA}.Debug|x86.Build.0 = Debug|Any CPU
		{C25206CD-6353-4C61-B2F8-E128387F1DBA}.Release|Any CPU.ActiveCfg = Release|Any CPU
		{C25206CD-6353-4C61-B2F8-E128387F1DBA}.Release|Any CPU.Build.0 = Release|Any CPU
		{C25206CD-6353-4C61-B2F8-E128387F1DBA}.Release|x64.ActiveCfg = Release|Any CPU
		{C25206CD-6353-4C61-B2F8-E128387F1DBA}.Release|x64.Build.0 = Release|Any CPU
		{C25206CD-6353-4C61-B2F8-E128387F1DBA}.Release|x86.ActiveCfg = Release|Any CPU
		{C25206CD-6353-4C61-B2F8-E128387F1DBA}.Release|x86.Build.0 = Release|Any CPU
		{EA0B43FE-A6D4-48D8-BFE9-3FA755BAA18D}.Debug|Any CPU.ActiveCfg = Debug|Any CPU
		{EA0B43FE-A6D4-48D8-BFE9-3FA755BAA18D}.Debug|Any CPU.Build.0 = Debug|Any CPU
		{EA0B43FE-A6D4-48D8-BFE9-3FA755BAA18D}.Debug|x64.ActiveCfg = Debug|Any CPU
		{EA0B43FE-A6D4-48D8-BFE9-3FA755BAA18D}.Debug|x64.Build.0 = Debug|Any CPU
		{EA0B43FE-A6D4-48D8-BFE9-3FA755BAA18D}.Debug|x86.ActiveCfg = Debug|Any CPU
		{EA0B43FE-A6D4-48D8-BFE9-3FA755BAA18D}.Debug|x86.Build.0 = Debug|Any CPU
		{EA0B43FE-A6D4-48D8-BFE9-3FA755BAA18D}.Release|Any CPU.ActiveCfg = Release|Any CPU
		{EA0B43FE-A6D4-48D8-BFE9-3FA755BAA18D}.Release|Any CPU.Build.0 = Release|Any CPU
		{EA0B43FE-A6D4-48D8-BFE9-3FA755BAA18D}.Release|x64.ActiveCfg = Release|Any CPU
		{EA0B43FE-A6D4-48D8-BFE9-3FA755BAA18D}.Release|x64.Build.0 = Release|Any CPU
		{EA0B43FE-A6D4-48D8-BFE9-3FA755BAA18D}.Release|x86.ActiveCfg = Release|Any CPU
		{EA0B43FE-A6D4-48D8-BFE9-3FA755BAA18D}.Release|x86.Build.0 = Release|Any CPU
		{D163D52C-A275-4A3B-B26E-E0478783E572}.Debug|Any CPU.ActiveCfg = Debug|Any CPU
		{D163D52C-A275-4A3B-B26E-E0478783E572}.Debug|Any CPU.Build.0 = Debug|Any CPU
		{D163D52C-A275-4A3B-B26E-E0478783E572}.Debug|x64.ActiveCfg = Debug|Any CPU
		{D163D52C-A275-4A3B-B26E-E0478783E572}.Debug|x64.Build.0 = Debug|Any CPU
		{D163D52C-A275-4A3B-B26E-E0478783E572}.Debug|x86.ActiveCfg = Debug|Any CPU
		{D163D52C-A275-4A3B-B26E-E0478783E572}.Debug|x86.Build.0 = Debug|Any CPU
		{D163D52C-A275-4A3B-B26E-E0478783E572}.Release|Any CPU.ActiveCfg = Release|Any CPU
		{D163D52C-A275-4A3B-B26E-E0478783E572}.Release|Any CPU.Build.0 = Release|Any CPU
		{D163D52C-A275-4A3B-B26E-E0478783E572}.Release|x64.ActiveCfg = Release|Any CPU
		{D163D52C-A275-4A3B-B26E-E0478783E572}.Release|x64.Build.0 = Release|Any CPU
		{D163D52C-A275-4A3B-B26E-E0478783E572}.Release|x86.ActiveCfg = Release|Any CPU
		{D163D52C-A275-4A3B-B26E-E0478783E572}.Release|x86.Build.0 = Release|Any CPU
		{9C5E31D4-3426-4D44-9EAD-8721758BBFDF}.Debug|Any CPU.ActiveCfg = Debug|Any CPU
		{9C5E31D4-3426-4D44-9EAD-8721758BBFDF}.Debug|Any CPU.Build.0 = Debug|Any CPU
		{9C5E31D4-3426-4D44-9EAD-8721758BBFDF}.Debug|x64.ActiveCfg = Debug|Any CPU
		{9C5E31D4-3426-4D44-9EAD-8721758BBFDF}.Debug|x64.Build.0 = Debug|Any CPU
		{9C5E31D4-3426-4D44-9EAD-8721758BBFDF}.Debug|x86.ActiveCfg = Debug|Any CPU
		{9C5E31D4-3426-4D44-9EAD-8721758BBFDF}.Debug|x86.Build.0 = Debug|Any CPU
		{9C5E31D4-3426-4D44-9EAD-8721758BBFDF}.Release|Any CPU.ActiveCfg = Release|Any CPU
		{9C5E31D4-3426-4D44-9EAD-8721758BBFDF}.Release|Any CPU.Build.0 = Release|Any CPU
		{9C5E31D4-3426-4D44-9EAD-8721758BBFDF}.Release|x64.ActiveCfg = Release|Any CPU
		{9C5E31D4-3426-4D44-9EAD-8721758BBFDF}.Release|x64.Build.0 = Release|Any CPU
		{9C5E31D4-3426-4D44-9EAD-8721758BBFDF}.Release|x86.ActiveCfg = Release|Any CPU
		{9C5E31D4-3426-4D44-9EAD-8721758BBFDF}.Release|x86.Build.0 = Release|Any CPU
		{BD993B94-1804-48FA-A93C-7672791E7F98}.Debug|Any CPU.ActiveCfg = Debug|Any CPU
		{BD993B94-1804-48FA-A93C-7672791E7F98}.Debug|Any CPU.Build.0 = Debug|Any CPU
		{BD993B94-1804-48FA-A93C-7672791E7F98}.Debug|x64.ActiveCfg = Debug|Any CPU
		{BD993B94-1804-48FA-A93C-7672791E7F98}.Debug|x64.Build.0 = Debug|Any CPU
		{BD993B94-1804-48FA-A93C-7672791E7F98}.Debug|x86.ActiveCfg = Debug|Any CPU
		{BD993B94-1804-48FA-A93C-7672791E7F98}.Debug|x86.Build.0 = Debug|Any CPU
		{BD993B94-1804-48FA-A93C-7672791E7F98}.Release|Any CPU.ActiveCfg = Release|Any CPU
		{BD993B94-1804-48FA-A93C-7672791E7F98}.Release|Any CPU.Build.0 = Release|Any CPU
		{BD993B94-1804-48FA-A93C-7672791E7F98}.Release|x64.ActiveCfg = Release|Any CPU
		{BD993B94-1804-48FA-A93C-7672791E7F98}.Release|x64.Build.0 = Release|Any CPU
		{BD993B94-1804-48FA-A93C-7672791E7F98}.Release|x86.ActiveCfg = Release|Any CPU
		{BD993B94-1804-48FA-A93C-7672791E7F98}.Release|x86.Build.0 = Release|Any CPU
	EndGlobalSection
	GlobalSection(SolutionProperties) = preSolution
		HideSolutionNode = FALSE
	EndGlobalSection
	GlobalSection(ExtensibilityGlobals) = postSolution
		SolutionGuid = {873C1897-D97D-4146-8A48-8606C94E8CF2}
	EndGlobalSection
EndGlobal
